{
  "name": "gatsby-remark-gemoji-to-emoji",
  "requires": true,
  "lockfileVersion": 1,
  "dependencies": {
    "gemoji": {
      "version": "4.2.0",
      "resolved": "https://registry.npmjs.org/gemoji/-/gemoji-4.2.0.tgz",
      "integrity": "sha1-lLBoVJd5GrCqvqt5GLE0aPqWcxc="
    },
    "remark-gemoji-to-emoji": {
      "version": "1.1.0",
      "resolved": "https://registry.npmjs.org/remark-gemoji-to-emoji/-/remark-gemoji-to-emoji-1.1.0.tgz",
      "integrity": "sha1-Pc0KiBGgyBu2NROsCzbyJYpVMPU=",
      "requires": {
        "gemoji": "4.2.0",
        "unist-util-visit": "1.3.0"
      }
    },
    "unist-util-is": {
      "version": "2.1.1",
      "resolved": "https://registry.npmjs.org/unist-util-is/-/unist-util-is-2.1.1.tgz",
      "integrity": "sha1-DDEmKeP5YMZukx6BLT2A53AQlHs="
    },
    "unist-util-visit": {
      "version": "1.3.0",
      "resolved": "https://registry.npmjs.org/unist-util-visit/-/unist-util-visit-1.3.0.tgz",
      "integrity": "sha512-9ntYcxPFtl44gnwXrQKZ5bMqXMY0ZHzUpqMFiU4zcc8mmf/jzYm8GhYgezuUlX4cJIM1zIDYaO6fG/fI+L6iiQ==",
      "requires": {
        "unist-util-is": "2.1.1"
      }
    }
  }
}
