{
  "name": "gatsby-remark-sub-sup",
  "requires": true,
  "lockfileVersion": 1,
  "dependencies": {
    "remark-sub-super": {
      "version": "1.0.11",
      "resolved": "https://registry.npmjs.org/remark-sub-super/-/remark-sub-super-1.0.11.tgz",
      "integrity": "sha512-ZPIyOb3dBC+/e/dhZrMILZ2aS8u8NFmRcqY1/WV0F8kuloMCj2b5rguhbYULyv4QPbmcHWXVXBXOdT+vSP5NfQ=="
    }
  }
}
